
Microsoft Visual Studio Solution File, Format Version 12.00
# Visual Studio Version 17
VisualStudioVersion = 17.5.33516.290
MinimumVisualStudioVersion = 10.0.40219.1
Project("{FAE04EC0-301F-11D3-BF4B-00C04F79EFBC}") = "Bibliothèque de classe", "Bibliothèque de classe.csproj", "{80439E28-570C-45F3-807D-70CE296C3C8C}"
EndProject
Global
	GlobalSection(SolutionConfigurationPlatforms) = preSolution
		Debug|Any CPU = Debug|Any CPU
		Release|Any CPU = Release|Any CPU
	EndGlobalSection
	GlobalSection(ProjectConfigurationPlatforms) = postSolution
		{80439E28-570C-45F3-807D-70CE296C3C8C}.Debug|Any CPU.ActiveCfg = Debug|Any CPU
		{80439E28-570C-45F3-807D-70CE296C3C8C}.Debug|Any CPU.Build.0 = Debug|Any CPU
		{80439E28-570C-45F3-807D-70CE296C3C8C}.Release|Any CPU.ActiveCfg = Release|Any CPU
		{80439E28-570C-45F3-807D-70CE296C3C8C}.Release|Any CPU.Build.0 = Release|Any CPU
	EndGlobalSection
	GlobalSection(SolutionProperties) = preSolution
		HideSolutionNode = FALSE
	EndGlobalSection
	GlobalSection(ExtensibilityGlobals) = postSolution
		SolutionGuid = {5A8B4481-3D9A-4E5F-AE6B-69F61AB7FD50}
	EndGlobalSection
EndGlobal
